<Solution>
  <Project Path="UIEffect.csproj" />
  <Project Path="Google.Android.AppBundle.Editor.csproj" />
  <Project Path="Assembly-CSharp.csproj" />
  <Project Path="Google.Play.Common.csproj" />
  <Project Path="UIEffect-Editor.csproj" />
  <Project Path="Google.Play.Core.csproj" />
  <Project Path="Google.Play.Review.csproj" />
  <Project Path="Assembly-CSharp-Editor.csproj" />
</Solution>
